# Generated by buf. DO NOT EDIT.
version: v1
deps:
  - remote: buf.build
    owner: bufbuild
    repository: protovalidate
    commit: b983156c5e994cc9892e0ce3e64e17e0
    digest: shake256:fb47a62989d38c2529bcc5cd86ded43d800eb84cee82b42b9e8a9e815d4ee8134a0fb9d0ce8299b27c2d2bbb7d6ade0c4ad5a8a4d467e1e2c7ca619ae9f634e2
  - remote: buf.build
    owner: service-hub
    repository: loggable
    commit: a349f6324a7e4dbc8b7da7375a6bb49c
    digest: shake256:c043ac1771cbe33de6a80572081aab600bbea1c605844953763c860d972122d63a64bbfc5f88baa466f0fee65a7bc1bc059367a8dadda72bd0e7aae229ac352d
