# Generated by buf. DO NOT EDIT.
version: v1
deps:
  - remote: buf.build
    owner: bufbuild
    repository: protovalidate
    commit: 3014d81c3a48461dbcc5b57536699f9e
    digest: shake256:6b40454a0754bf624c8fc965f3576bd26bf72a480c554514672d2fac887f420c82d68cf50d40f5a77d8b6e96dda87e395aeedae84d513dde7c4bfd4d95f5657a
  - remote: buf.build
    owner: service-hub
    repository: loggable
    commit: a349f6324a7e4dbc8b7da7375a6bb49c
    digest: shake256:c043ac1771cbe33de6a80572081aab600bbea1c605844953763c860d972122d63a64bbfc5f88baa466f0fee65a7bc1bc059367a8dadda72bd0e7aae229ac352d
