# Generated by buf. DO NOT EDIT.
version: v1
deps:
  - remote: buf.build
    owner: bufbuild
    repository: protovalidate
    commit: a3320276596649bcad929ac829d451f4
    digest: shake256:a6e5f64fd3fd47e3e8568e9753f59a1566f56c11ec055baf65463d3bca3499f6f16c2d6f5628fa41cfd0f4fa7e72abe65be4efd77d269749492472ed4cc4070d
  - remote: buf.build
    owner: googleapis
    repository: googleapis
    commit: e93e34f48be043dab55be31b4b47f458
    digest: shake256:93dbe51c27606999eef918360df509485a4d272e79aaed6d0016940379a9b06d316fc5228b7b50cca94bb310f34c5fc5955ce7474f655f0d0a224c4121dda3c1
  - remote: buf.build
    owner: grpc-ecosystem
    repository: grpc-gateway
    commit: a48fcebcf8f140dd9d09359b9bb185a4
    digest: shake256:a926173f0ec3e1a929462c350acda846e546134b5ce2bb83fe44f02f9330a42b1c9b292f64b951b06a4d2c47e2ce4d477d6a2cb31502a15637ada35ecedefcf6
  - remote: buf.build
    owner: service-hub
    repository: loggable
    commit: a349f6324a7e4dbc8b7da7375a6bb49c
    digest: shake256:c043ac1771cbe33de6a80572081aab600bbea1c605844953763c860d972122d63a64bbfc5f88baa466f0fee65a7bc1bc059367a8dadda72bd0e7aae229ac352d
